
Microsoft Visual Studio Solution File, Format Version 12.00
# Visual Studio 2012
Project("{FAE04EC0-301F-11D3-BF4B-00C04F79EFBC}") = "exo assurance", "exo assurance\exo assurance.csproj", "{4653A464-0FCA-47FF-B46A-E6DBE676A66E}"
EndProject
Global
	GlobalSection(SolutionConfigurationPlatforms) = preSolution
		Debug|Any CPU = Debug|Any CPU
		Release|Any CPU = Release|Any CPU
	EndGlobalSection
	GlobalSection(ProjectConfigurationPlatforms) = postSolution
		{4653A464-0FCA-47FF-B46A-E6DBE676A66E}.Debug|Any CPU.ActiveCfg = Debug|Any CPU
		{4653A464-0FCA-47FF-B46A-E6DBE676A66E}.Debug|Any CPU.Build.0 = Debug|Any CPU
		{4653A464-0FCA-47FF-B46A-E6DBE676A66E}.Release|Any CPU.ActiveCfg = Release|Any CPU
		{4653A464-0FCA-47FF-B46A-E6DBE676A66E}.Release|Any CPU.Build.0 = Release|Any CPU
	EndGlobalSection
	GlobalSection(SolutionProperties) = preSolution
		HideSolutionNode = FALSE
	EndGlobalSection
EndGlobal
